
Microsoft Visual Studio Solution File, Format Version 12.00
# Visual Studio Version 17
VisualStudioVersion = 17.2.32602.215
MinimumVisualStudioVersion = 10.0.40219.1
Project("{9A19103F-16F7-4668-BE54-9A1E7A4F7556}") = "TourPlanner.Data", "TourPlanner.Data\TourPlanner.Data.csproj", "{247F99D4-9EF7-4890-AB1C-BBCC58094DDF}"
EndProject
Project("{9A19103F-16F7-4668-BE54-9A1E7A4F7556}") = "TourPlanner.API", "TourPlanner.API\TourPlanner.API.csproj", "{8ADD92BC-6B3D-440C-9D6F-DE7B92142BCC}"
EndProject
Global
	GlobalSection(SolutionConfigurationPlatforms) = preSolution
		Debug|Any CPU = Debug|Any CPU
		Release|Any CPU = Release|Any CPU
	EndGlobalSection
	GlobalSection(ProjectConfigurationPlatforms) = postSolution
		{247F99D4-9EF7-4890-AB1C-BBCC58094DDF}.Debug|Any CPU.ActiveCfg = Debug|Any CPU
		{247F99D4-9EF7-4890-AB1C-BBCC58094DDF}.Debug|Any CPU.Build.0 = Debug|Any CPU
		{247F99D4-9EF7-4890-AB1C-BBCC58094DDF}.Release|Any CPU.ActiveCfg = Release|Any CPU
		{247F99D4-9EF7-4890-AB1C-BBCC58094DDF}.Release|Any CPU.Build.0 = Release|Any CPU
		{8ADD92BC-6B3D-440C-9D6F-DE7B92142BCC}.Debug|Any CPU.ActiveCfg = Debug|Any CPU
		{8ADD92BC-6B3D-440C-9D6F-DE7B92142BCC}.Debug|Any CPU.Build.0 = Debug|Any CPU
		{8ADD92BC-6B3D-440C-9D6F-DE7B92142BCC}.Release|Any CPU.ActiveCfg = Release|Any CPU
		{8ADD92BC-6B3D-440C-9D6F-DE7B92142BCC}.Release|Any CPU.Build.0 = Release|Any CPU
	EndGlobalSection
	GlobalSection(SolutionProperties) = preSolution
		HideSolutionNode = FALSE
	EndGlobalSection
	GlobalSection(ExtensibilityGlobals) = postSolution
		SolutionGuid = {C7860A6E-DE4B-44D0-92EB-E48CAEEE8F24}
	EndGlobalSection
EndGlobal
