
Microsoft Visual Studio Solution File, Format Version 12.00
# Visual Studio Version 17
VisualStudioVersion = 17.2.32616.157
MinimumVisualStudioVersion = 10.0.40219.1
Project("{9A19103F-16F7-4668-BE54-9A1E7A4F7556}") = "TourPlanner", "TourPlanner.csproj", "{12F3C375-DEAA-450A-8998-072534A9680A}"
EndProject
Project("{9A19103F-16F7-4668-BE54-9A1E7A4F7556}") = "UnitTesting", "..\UnitTesting\UnitTesting.csproj", "{C81B2713-0624-4359-BBF1-97DF43B271A1}"
EndProject
Global
	GlobalSection(SolutionConfigurationPlatforms) = preSolution
		Debug|Any CPU = Debug|Any CPU
		Release|Any CPU = Release|Any CPU
	EndGlobalSection
	GlobalSection(ProjectConfigurationPlatforms) = postSolution
		{12F3C375-DEAA-450A-8998-072534A9680A}.Debug|Any CPU.ActiveCfg = Debug|Any CPU
		{12F3C375-DEAA-450A-8998-072534A9680A}.Debug|Any CPU.Build.0 = Debug|Any CPU
		{12F3C375-DEAA-450A-8998-072534A9680A}.Release|Any CPU.ActiveCfg = Release|Any CPU
		{12F3C375-DEAA-450A-8998-072534A9680A}.Release|Any CPU.Build.0 = Release|Any CPU
		{C81B2713-0624-4359-BBF1-97DF43B271A1}.Debug|Any CPU.ActiveCfg = Debug|Any CPU
		{C81B2713-0624-4359-BBF1-97DF43B271A1}.Debug|Any CPU.Build.0 = Debug|Any CPU
		{C81B2713-0624-4359-BBF1-97DF43B271A1}.Release|Any CPU.ActiveCfg = Release|Any CPU
		{C81B2713-0624-4359-BBF1-97DF43B271A1}.Release|Any CPU.Build.0 = Release|Any CPU
	EndGlobalSection
	GlobalSection(SolutionProperties) = preSolution
		HideSolutionNode = FALSE
	EndGlobalSection
	GlobalSection(ExtensibilityGlobals) = postSolution
		SolutionGuid = {6BF9543A-F850-4AFC-A585-96B4BD148DFC}
	EndGlobalSection
EndGlobal
